
Microsoft Visual Studio Solution File, Format Version 12.00
# Visual Studio Version 16
VisualStudioVersion = 16.0.30517.126
MinimumVisualStudioVersion = 10.0.40219.1
Project("{9A19103F-16F7-4668-BE54-9A1E7A4F7556}") = "Quorum", "Quorum\Quorum.csproj", "{BE842086-D2E8-4506-A63C-88C59D376263}"
	ProjectSection(ProjectDependencies) = postProject
		{97F99E8F-3311-42D9-9B8E-96650E83AE55} = {97F99E8F-3311-42D9-9B8E-96650E83AE55}
	EndProjectSection
EndProject
Project("{9A19103F-16F7-4668-BE54-9A1E7A4F7556}") = "QuorumDB", "QuorumDB\QuorumDB.csproj", "{0BFF7794-7992-4BC3-9DD2-B40C6F6BC8A8}"
EndProject
Project("{9A19103F-16F7-4668-BE54-9A1E7A4F7556}") = "BlazorInputFile", "BlazorInputFile\BlazorInputFile.csproj", "{97F99E8F-3311-42D9-9B8E-96650E83AE55}"
EndProject
Project("{9A19103F-16F7-4668-BE54-9A1E7A4F7556}") = "QuorumTest", "..\ProjectTest\QuorumTest\QuorumTest\QuorumTest.csproj", "{E3BAC337-635B-46DD-893A-4E53104539CC}"
EndProject
Global
	GlobalSection(SolutionConfigurationPlatforms) = preSolution
		Debug|Any CPU = Debug|Any CPU
		Release|Any CPU = Release|Any CPU
	EndGlobalSection
	GlobalSection(ProjectConfigurationPlatforms) = postSolution
		{BE842086-D2E8-4506-A63C-88C59D376263}.Debug|Any CPU.ActiveCfg = Debug|Any CPU
		{BE842086-D2E8-4506-A63C-88C59D376263}.Debug|Any CPU.Build.0 = Debug|Any CPU
		{BE842086-D2E8-4506-A63C-88C59D376263}.Release|Any CPU.ActiveCfg = Release|Any CPU
		{BE842086-D2E8-4506-A63C-88C59D376263}.Release|Any CPU.Build.0 = Release|Any CPU
		{0BFF7794-7992-4BC3-9DD2-B40C6F6BC8A8}.Debug|Any CPU.ActiveCfg = Debug|Any CPU
		{0BFF7794-7992-4BC3-9DD2-B40C6F6BC8A8}.Debug|Any CPU.Build.0 = Debug|Any CPU
		{0BFF7794-7992-4BC3-9DD2-B40C6F6BC8A8}.Release|Any CPU.ActiveCfg = Release|Any CPU
		{0BFF7794-7992-4BC3-9DD2-B40C6F6BC8A8}.Release|Any CPU.Build.0 = Release|Any CPU
		{97F99E8F-3311-42D9-9B8E-96650E83AE55}.Debug|Any CPU.ActiveCfg = Release|Any CPU
		{97F99E8F-3311-42D9-9B8E-96650E83AE55}.Debug|Any CPU.Build.0 = Release|Any CPU
		{97F99E8F-3311-42D9-9B8E-96650E83AE55}.Release|Any CPU.ActiveCfg = Release|Any CPU
		{97F99E8F-3311-42D9-9B8E-96650E83AE55}.Release|Any CPU.Build.0 = Release|Any CPU
		{E3BAC337-635B-46DD-893A-4E53104539CC}.Debug|Any CPU.ActiveCfg = Debug|Any CPU
		{E3BAC337-635B-46DD-893A-4E53104539CC}.Debug|Any CPU.Build.0 = Debug|Any CPU
		{E3BAC337-635B-46DD-893A-4E53104539CC}.Release|Any CPU.ActiveCfg = Release|Any CPU
		{E3BAC337-635B-46DD-893A-4E53104539CC}.Release|Any CPU.Build.0 = Release|Any CPU
	EndGlobalSection
	GlobalSection(SolutionProperties) = preSolution
		HideSolutionNode = FALSE
	EndGlobalSection
	GlobalSection(ExtensibilityGlobals) = postSolution
		SolutionGuid = {0E4232DD-BD10-45E0-BE6A-E967AB98CDEC}
	EndGlobalSection
EndGlobal
